
Microsoft Visual Studio Solution File, Format Version 12.00
# Visual Studio 15
VisualStudioVersion = 15.0.28307.572
MinimumVisualStudioVersion = 10.0.40219.1
Project("{FAE04EC0-301F-11D3-BF4B-00C04F79EFBC}") = "NetCoreRunAsWindowsService", "NetCoreRunAsWindowsService\NetCoreRunAsWindowsService.csproj", "{C72CF745-A19A-4985-A067-A9D7122E226A}"
EndProject
Global
	GlobalSection(SolutionConfigurationPlatforms) = preSolution
		Debug|Any CPU = Debug|Any CPU
		Release|Any CPU = Release|Any CPU
	EndGlobalSection
	GlobalSection(ProjectConfigurationPlatforms) = postSolution
		{C72CF745-A19A-4985-A067-A9D7122E226A}.Debug|Any CPU.ActiveCfg = Debug|Any CPU
		{C72CF745-A19A-4985-A067-A9D7122E226A}.Debug|Any CPU.Build.0 = Debug|Any CPU
		{C72CF745-A19A-4985-A067-A9D7122E226A}.Release|Any CPU.ActiveCfg = Release|Any CPU
		{C72CF745-A19A-4985-A067-A9D7122E226A}.Release|Any CPU.Build.0 = Release|Any CPU
	EndGlobalSection
	GlobalSection(SolutionProperties) = preSolution
		HideSolutionNode = FALSE
	EndGlobalSection
	GlobalSection(ExtensibilityGlobals) = postSolution
		SolutionGuid = {C5E86FD3-6E28-4A32-A96F-CFD840AC37D7}
	EndGlobalSection
EndGlobal
